
Microsoft Visual Studio Solution File, Format Version 12.00
# Visual Studio Version 17
VisualStudioVersion = 17.8.34525.116
MinimumVisualStudioVersion = 10.0.40219.1
Project("{FAE04EC0-301F-11D3-BF4B-00C04F79EFBC}") = "jani_a_varban", "jani_a_varban\jani_a_varban.csproj", "{32CA9BC0-7A7B-4A66-BAE3-EDCFBE083939}"
EndProject
Global
	GlobalSection(SolutionConfigurationPlatforms) = preSolution
		Debug|Any CPU = Debug|Any CPU
		Release|Any CPU = Release|Any CPU
	EndGlobalSection
	GlobalSection(ProjectConfigurationPlatforms) = postSolution
		{32CA9BC0-7A7B-4A66-BAE3-EDCFBE083939}.Debug|Any CPU.ActiveCfg = Debug|Any CPU
		{32CA9BC0-7A7B-4A66-BAE3-EDCFBE083939}.Debug|Any CPU.Build.0 = Debug|Any CPU
		{32CA9BC0-7A7B-4A66-BAE3-EDCFBE083939}.Release|Any CPU.ActiveCfg = Release|Any CPU
		{32CA9BC0-7A7B-4A66-BAE3-EDCFBE083939}.Release|Any CPU.Build.0 = Release|Any CPU
	EndGlobalSection
	GlobalSection(SolutionProperties) = preSolution
		HideSolutionNode = FALSE
	EndGlobalSection
	GlobalSection(ExtensibilityGlobals) = postSolution
		SolutionGuid = {F20440A0-6C65-4D9F-B1AD-4FE3EE2A12BD}
	EndGlobalSection
EndGlobal
